// !$*UTF8*$!
{
	archiveVersion = 1;
	classes = {
	};
	objectVersion = 48;
	objects = {

/* Begin PBXBuildFile section */
		222E0F86200FA09C00CC511F /* PocketSocket.h in Headers */ = {isa = PBXBuildFile; fileRef = 222E0F84200FA09C00CC511F /* PocketSocket.h */; settings = {ATTRIBUTES = (Public, ); }; };
		222E0F9E200FA1E900CC511F /* PSWebSocketBuffer.h in Headers */ = {isa = PBXBuildFile; fileRef = 222E0F8C200FA1E800CC511F /* PSWebSocketBuffer.h */; };
		222E0F9F200FA1E900CC511F /* PSWebSocket.m in Sources */ = {isa = PBXBuildFile; fileRef = 222E0F8D200FA1E800CC511F /* PSWebSocket.m */; };
		222E0FA0200FA1E900CC511F /* PSWebSocketDeflater.h in Headers */ = {isa = PBXBuildFile; fileRef = 222E0F8E200FA1E800CC511F /* PSWebSocketDeflater.h */; };
		222E0FA1200FA1E900CC511F /* PSWebSocketUTF8Decoder.m in Sources */ = {isa = PBXBuildFile; fileRef = 222E0F8F200FA1E800CC511F /* PSWebSocketUTF8Decoder.m */; };
		222E0FA2200FA1E900CC511F /* PSWebSocketServer.m in Sources */ = {isa = PBXBuildFile; fileRef = 222E0F90200FA1E800CC511F /* PSWebSocketServer.m */; };
		222E0FA3200FA1E900CC511F /* PSWebSocketBuffer.m in Sources */ = {isa = PBXBuildFile; fileRef = 222E0F91200FA1E800CC511F /* PSWebSocketBuffer.m */; };
		222E0FA4200FA1E900CC511F /* PSWebSocketNetworkThread.m in Sources */ = {isa = PBXBuildFile; fileRef = 222E0F92200FA1E800CC511F /* PSWebSocketNetworkThread.m */; };
		222E0FA5200FA1E900CC511F /* PSWebSocketDriver.h in Headers */ = {isa = PBXBuildFile; fileRef = 222E0F93200FA1E800CC511F /* PSWebSocketDriver.h */; };
		222E0FA6200FA1E900CC511F /* PSWebSocketNetworkThread.h in Headers */ = {isa = PBXBuildFile; fileRef = 222E0F94200FA1E800CC511F /* PSWebSocketNetworkThread.h */; };
		222E0FA7200FA1E900CC511F /* PSWebSocketDeflater.m in Sources */ = {isa = PBXBuildFile; fileRef = 222E0F95200FA1E800CC511F /* PSWebSocketDeflater.m */; };
		222E0FA8200FA1E900CC511F /* PSWebSocketInternal.h in Headers */ = {isa = PBXBuildFile; fileRef = 222E0F96200FA1E800CC511F /* PSWebSocketInternal.h */; };
		222E0FA9200FA1E900CC511F /* PSWebSocket.h in Headers */ = {isa = PBXBuildFile; fileRef = 222E0F97200FA1E800CC511F /* PSWebSocket.h */; };
		222E0FAA200FA1E900CC511F /* PSWebSocketTypes.h in Headers */ = {isa = PBXBuildFile; fileRef = 222E0F98200FA1E800CC511F /* PSWebSocketTypes.h */; };
		222E0FAB200FA1E900CC511F /* PSWebSocketDriver.m in Sources */ = {isa = PBXBuildFile; fileRef = 222E0F99200FA1E800CC511F /* PSWebSocketDriver.m */; };
		222E0FAC200FA1E900CC511F /* PSWebSocketInflater.h in Headers */ = {isa = PBXBuildFile; fileRef = 222E0F9A200FA1E800CC511F /* PSWebSocketInflater.h */; };
		222E0FAD200FA1E900CC511F /* PSWebSocketServer.h in Headers */ = {isa = PBXBuildFile; fileRef = 222E0F9B200FA1E800CC511F /* PSWebSocketServer.h */; };
		222E0FAE200FA1E900CC511F /* PSWebSocketUTF8Decoder.h in Headers */ = {isa = PBXBuildFile; fileRef = 222E0F9C200FA1E900CC511F /* PSWebSocketUTF8Decoder.h */; };
		222E0FAF200FA1E900CC511F /* PSWebSocketInflater.m in Sources */ = {isa = PBXBuildFile; fileRef = 222E0F9D200FA1E900CC511F /* PSWebSocketInflater.m */; };
		222E0FC6200FA59D00CC511F /* PSAutobahnClientTests.m in Sources */ = {isa = PBXBuildFile; fileRef = 222E0FC5200FA59D00CC511F /* PSAutobahnClientTests.m */; };
		222E0FC8200FA59D00CC511F /* PocketSocket_iOS.framework in Frameworks */ = {isa = PBXBuildFile; fileRef = 222E0FB5200FA3B800CC511F /* PocketSocket_iOS.framework */; };
		222E0FD2200FA5E300CC511F /* PSAutobahnClientWebSocketOperation.m in Sources */ = {isa = PBXBuildFile; fileRef = 222E0FD0200FA5E300CC511F /* PSAutobahnClientWebSocketOperation.m */; };
		222E0FD3200FA74A00CC511F /* PocketSocket.h in Headers */ = {isa = PBXBuildFile; fileRef = 222E0F84200FA09C00CC511F /* PocketSocket.h */; settings = {ATTRIBUTES = (Public, ); }; };
		222E0FD4200FA76700CC511F /* PSWebSocket.h in Headers */ = {isa = PBXBuildFile; fileRef = 222E0F97200FA1E800CC511F /* PSWebSocket.h */; settings = {ATTRIBUTES = (Private, ); }; };
		222E0FD5200FA76700CC511F /* PSWebSocketBuffer.h in Headers */ = {isa = PBXBuildFile; fileRef = 222E0F8C200FA1E800CC511F /* PSWebSocketBuffer.h */; settings = {ATTRIBUTES = (Private, ); }; };
		222E0FD6200FA76700CC511F /* PSWebSocketDeflater.h in Headers */ = {isa = PBXBuildFile; fileRef = 222E0F8E200FA1E800CC511F /* PSWebSocketDeflater.h */; settings = {ATTRIBUTES = (Private, ); }; };
		222E0FD7200FA76700CC511F /* PSWebSocketDriver.h in Headers */ = {isa = PBXBuildFile; fileRef = 222E0F93200FA1E800CC511F /* PSWebSocketDriver.h */; settings = {ATTRIBUTES = (Private, ); }; };
		222E0FD8200FA76700CC511F /* PSWebSocketInflater.h in Headers */ = {isa = PBXBuildFile; fileRef = 222E0F9A200FA1E800CC511F /* PSWebSocketInflater.h */; settings = {ATTRIBUTES = (Private, ); }; };
		222E0FD9200FA76700CC511F /* PSWebSocketInternal.h in Headers */ = {isa = PBXBuildFile; fileRef = 222E0F96200FA1E800CC511F /* PSWebSocketInternal.h */; settings = {ATTRIBUTES = (Private, ); }; };
		222E0FDA200FA76700CC511F /* PSWebSocketNetworkThread.h in Headers */ = {isa = PBXBuildFile; fileRef = 222E0F94200FA1E800CC511F /* PSWebSocketNetworkThread.h */; settings = {ATTRIBUTES = (Private, ); }; };
		222E0FDB200FA76700CC511F /* PSWebSocketServer.h in Headers */ = {isa = PBXBuildFile; fileRef = 222E0F9B200FA1E800CC511F /* PSWebSocketServer.h */; settings = {ATTRIBUTES = (Private, ); }; };
		222E0FDC200FA76700CC511F /* PSWebSocketTypes.h in Headers */ = {isa = PBXBuildFile; fileRef = 222E0F98200FA1E800CC511F /* PSWebSocketTypes.h */; settings = {ATTRIBUTES = (Private, ); }; };
		222E0FDD200FA76700CC511F /* PSWebSocketUTF8Decoder.h in Headers */ = {isa = PBXBuildFile; fileRef = 222E0F9C200FA1E900CC511F /* PSWebSocketUTF8Decoder.h */; settings = {ATTRIBUTES = (Private, ); }; };
		222E0FDE200FA78B00CC511F /* PSWebSocket.m in Sources */ = {isa = PBXBuildFile; fileRef = 222E0F8D200FA1E800CC511F /* PSWebSocket.m */; };
		222E0FDF200FA78B00CC511F /* PSWebSocketBuffer.m in Sources */ = {isa = PBXBuildFile; fileRef = 222E0F91200FA1E800CC511F /* PSWebSocketBuffer.m */; };
		222E0FE0200FA78B00CC511F /* PSWebSocketDeflater.m in Sources */ = {isa = PBXBuildFile; fileRef = 222E0F95200FA1E800CC511F /* PSWebSocketDeflater.m */; };
		222E0FE1200FA78B00CC511F /* PSWebSocketDriver.m in Sources */ = {isa = PBXBuildFile; fileRef = 222E0F99200FA1E800CC511F /* PSWebSocketDriver.m */; };
		222E0FE2200FA78B00CC511F /* PSWebSocketInflater.m in Sources */ = {isa = PBXBuildFile; fileRef = 222E0F9D200FA1E900CC511F /* PSWebSocketInflater.m */; };
		222E0FE3200FA78B00CC511F /* PSWebSocketNetworkThread.m in Sources */ = {isa = PBXBuildFile; fileRef = 222E0F92200FA1E800CC511F /* PSWebSocketNetworkThread.m */; };
		222E0FE4200FA78B00CC511F /* PSWebSocketServer.m in Sources */ = {isa = PBXBuildFile; fileRef = 222E0F90200FA1E800CC511F /* PSWebSocketServer.m */; };
		222E0FE5200FA78B00CC511F /* PSWebSocketUTF8Decoder.m in Sources */ = {isa = PBXBuildFile; fileRef = 222E0F8F200FA1E800CC511F /* PSWebSocketUTF8Decoder.m */; };
/* End PBXBuildFile section */

/* Begin PBXContainerItemProxy section */
		222E0FC9200FA59D00CC511F /* PBXContainerItemProxy */ = {
			isa = PBXContainerItemProxy;
			containerPortal = 222E0F78200FA09C00CC511F /* Project object */;
			proxyType = 1;
			remoteGlobalIDString = 222E0FB4200FA3B800CC511F;
			remoteInfo = "PocketSocket-iOS";
		};
/* End PBXContainerItemProxy section */

/* Begin PBXFileReference section */
		222E0F81200FA09C00CC511F /* PocketSocket_Mac.framework */ = {isa = PBXFileReference; explicitFileType = wrapper.framework; includeInIndex = 0; path = PocketSocket_Mac.framework; sourceTree = BUILT_PRODUCTS_DIR; };
		222E0F84200FA09C00CC511F /* PocketSocket.h */ = {isa = PBXFileReference; lastKnownFileType = sourcecode.c.h; path = PocketSocket.h; sourceTree = "<group>"; };
		222E0F85200FA09C00CC511F /* Info.plist */ = {isa = PBXFileReference; lastKnownFileType = text.plist.xml; path = Info.plist; sourceTree = "<group>"; };
		222E0F8C200FA1E800CC511F /* PSWebSocketBuffer.h */ = {isa = PBXFileReference; fileEncoding = 4; lastKnownFileType = sourcecode.c.h; path = PSWebSocketBuffer.h; sourceTree = "<group>"; };
		222E0F8D200FA1E800CC511F /* PSWebSocket.m */ = {isa = PBXFileReference; fileEncoding = 4; lastKnownFileType = sourcecode.c.objc; path = PSWebSocket.m; sourceTree = "<group>"; };
		222E0F8E200FA1E800CC511F /* PSWebSocketDeflater.h */ = {isa = PBXFileReference; fileEncoding = 4; lastKnownFileType = sourcecode.c.h; path = PSWebSocketDeflater.h; sourceTree = "<group>"; };
		222E0F8F200FA1E800CC511F /* PSWebSocketUTF8Decoder.m */ = {isa = PBXFileReference; fileEncoding = 4; lastKnownFileType = sourcecode.c.objc; path = PSWebSocketUTF8Decoder.m; sourceTree = "<group>"; };
		222E0F90200FA1E800CC511F /* PSWebSocketServer.m */ = {isa = PBXFileReference; fileEncoding = 4; lastKnownFileType = sourcecode.c.objc; path = PSWebSocketServer.m; sourceTree = "<group>"; };
		222E0F91200FA1E800CC511F /* PSWebSocketBuffer.m */ = {isa = PBXFileReference; fileEncoding = 4; lastKnownFileType = sourcecode.c.objc; path = PSWebSocketBuffer.m; sourceTree = "<group>"; };
		222E0F92200FA1E800CC511F /* PSWebSocketNetworkThread.m */ = {isa = PBXFileReference; fileEncoding = 4; lastKnownFileType = sourcecode.c.objc; path = PSWebSocketNetworkThread.m; sourceTree = "<group>"; };
		222E0F93200FA1E800CC511F /* PSWebSocketDriver.h */ = {isa = PBXFileReference; fileEncoding = 4; lastKnownFileType = sourcecode.c.h; path = PSWebSocketDriver.h; sourceTree = "<group>"; };
		222E0F94200FA1E800CC511F /* PSWebSocketNetworkThread.h */ = {isa = PBXFileReference; fileEncoding = 4; lastKnownFileType = sourcecode.c.h; path = PSWebSocketNetworkThread.h; sourceTree = "<group>"; };
		222E0F95200FA1E800CC511F /* PSWebSocketDeflater.m */ = {isa = PBXFileReference; fileEncoding = 4; lastKnownFileType = sourcecode.c.objc; path = PSWebSocketDeflater.m; sourceTree = "<group>"; };
		222E0F96200FA1E800CC511F /* PSWebSocketInternal.h */ = {isa = PBXFileReference; fileEncoding = 4; lastKnownFileType = sourcecode.c.h; path = PSWebSocketInternal.h; sourceTree = "<group>"; };
		222E0F97200FA1E800CC511F /* PSWebSocket.h */ = {isa = PBXFileReference; fileEncoding = 4; lastKnownFileType = sourcecode.c.h; path = PSWebSocket.h; sourceTree = "<group>"; };
		222E0F98200FA1E800CC511F /* PSWebSocketTypes.h */ = {isa = PBXFileReference; fileEncoding = 4; lastKnownFileType = sourcecode.c.h; path = PSWebSocketTypes.h; sourceTree = "<group>"; };
		222E0F99200FA1E800CC511F /* PSWebSocketDriver.m */ = {isa = PBXFileReference; fileEncoding = 4; lastKnownFileType = sourcecode.c.objc; path = PSWebSocketDriver.m; sourceTree = "<group>"; };
		222E0F9A200FA1E800CC511F /* PSWebSocketInflater.h */ = {isa = PBXFileReference; fileEncoding = 4; lastKnownFileType = sourcecode.c.h; path = PSWebSocketInflater.h; sourceTree = "<group>"; };
		222E0F9B200FA1E800CC511F /* PSWebSocketServer.h */ = {isa = PBXFileReference; fileEncoding = 4; lastKnownFileType = sourcecode.c.h; path = PSWebSocketServer.h; sourceTree = "<group>"; };
		222E0F9C200FA1E900CC511F /* PSWebSocketUTF8Decoder.h */ = {isa = PBXFileReference; fileEncoding = 4; lastKnownFileType = sourcecode.c.h; path = PSWebSocketUTF8Decoder.h; sourceTree = "<group>"; };
		222E0F9D200FA1E900CC511F /* PSWebSocketInflater.m */ = {isa = PBXFileReference; fileEncoding = 4; lastKnownFileType = sourcecode.c.objc; path = PSWebSocketInflater.m; sourceTree = "<group>"; };
		222E0FB5200FA3B800CC511F /* PocketSocket_iOS.framework */ = {isa = PBXFileReference; explicitFileType = wrapper.framework; includeInIndex = 0; path = PocketSocket_iOS.framework; sourceTree = BUILT_PRODUCTS_DIR; };
		222E0FB8200FA3B900CC511F /* Info.plist */ = {isa = PBXFileReference; lastKnownFileType = text.plist.xml; path = Info.plist; sourceTree = "<group>"; };
		222E0FBE200FA4E300CC511F /* PocketSocket.modulemap */ = {isa = PBXFileReference; lastKnownFileType = "sourcecode.module-map"; path = PocketSocket.modulemap; sourceTree = "<group>"; };
		222E0FC3200FA59D00CC511F /* PSAutobahnClientTests.xctest */ = {isa = PBXFileReference; explicitFileType = wrapper.cfbundle; includeInIndex = 0; path = PSAutobahnClientTests.xctest; sourceTree = BUILT_PRODUCTS_DIR; };
		222E0FC5200FA59D00CC511F /* PSAutobahnClientTests.m */ = {isa = PBXFileReference; lastKnownFileType = sourcecode.c.objc; path = PSAutobahnClientTests.m; sourceTree = "<group>"; };
		222E0FC7200FA59D00CC511F /* Info.plist */ = {isa = PBXFileReference; lastKnownFileType = text.plist.xml; path = Info.plist; sourceTree = "<group>"; };
		222E0FCF200FA5E300CC511F /* PSAutobahnClientWebSocketOperation.h */ = {isa = PBXFileReference; fileEncoding = 4; lastKnownFileType = sourcecode.c.h; path = PSAutobahnClientWebSocketOperation.h; sourceTree = "<group>"; };
		222E0FD0200FA5E300CC511F /* PSAutobahnClientWebSocketOperation.m */ = {isa = PBXFileReference; fileEncoding = 4; lastKnownFileType = sourcecode.c.objc; path = PSAutobahnClientWebSocketOperation.m; sourceTree = "<group>"; };
/* End PBXFileReference section */

/* Begin PBXFrameworksBuildPhase section */
		222E0F7D200FA09C00CC511F /* Frameworks */ = {
			isa = PBXFrameworksBuildPhase;
			buildActionMask = 2147483647;
			files = (
			);
			runOnlyForDeploymentPostprocessing = 0;
		};
		222E0FB1200FA3B800CC511F /* Frameworks */ = {
			isa = PBXFrameworksBuildPhase;
			buildActionMask = 2147483647;
			files = (
			);
			runOnlyForDeploymentPostprocessing = 0;
		};
		222E0FC0200FA59D00CC511F /* Frameworks */ = {
			isa = PBXFrameworksBuildPhase;
			buildActionMask = 2147483647;
			files = (
				222E0FC8200FA59D00CC511F /* PocketSocket_iOS.framework in Frameworks */,
			);
			runOnlyForDeploymentPostprocessing = 0;
		};
/* End PBXFrameworksBuildPhase section */

/* Begin PBXGroup section */
		222E0F77200FA09C00CC511F = {
			isa = PBXGroup;
			children = (
				222E0F84200FA09C00CC511F /* PocketSocket.h */,
				222E0FBE200FA4E300CC511F /* PocketSocket.modulemap */,
				222E0F83200FA09C00CC511F /* PocketSocket */,
				222E0FBD200FA49D00CC511F /* PocketSocket-Mac */,
				222E0FB6200FA3B900CC511F /* PocketSocket-iOS */,
				222E0FC4200FA59D00CC511F /* PSAutobahnClientTests */,
				222E0F82200FA09C00CC511F /* Products */,
			);
			sourceTree = "<group>";
		};
		222E0F82200FA09C00CC511F /* Products */ = {
			isa = PBXGroup;
			children = (
				222E0F81200FA09C00CC511F /* PocketSocket_Mac.framework */,
				222E0FB5200FA3B800CC511F /* PocketSocket_iOS.framework */,
				222E0FC3200FA59D00CC511F /* PSAutobahnClientTests.xctest */,
			);
			name = Products;
			sourceTree = "<group>";
		};
		222E0F83200FA09C00CC511F /* PocketSocket */ = {
			isa = PBXGroup;
			children = (
				222E0F97200FA1E800CC511F /* PSWebSocket.h */,
				222E0F8D200FA1E800CC511F /* PSWebSocket.m */,
				222E0F8C200FA1E800CC511F /* PSWebSocketBuffer.h */,
				222E0F91200FA1E800CC511F /* PSWebSocketBuffer.m */,
				222E0F8E200FA1E800CC511F /* PSWebSocketDeflater.h */,
				222E0F95200FA1E800CC511F /* PSWebSocketDeflater.m */,
				222E0F93200FA1E800CC511F /* PSWebSocketDriver.h */,
				222E0F99200FA1E800CC511F /* PSWebSocketDriver.m */,
				222E0F9A200FA1E800CC511F /* PSWebSocketInflater.h */,
				222E0F9D200FA1E900CC511F /* PSWebSocketInflater.m */,
				222E0F96200FA1E800CC511F /* PSWebSocketInternal.h */,
				222E0F94200FA1E800CC511F /* PSWebSocketNetworkThread.h */,
				222E0F92200FA1E800CC511F /* PSWebSocketNetworkThread.m */,
				222E0F9B200FA1E800CC511F /* PSWebSocketServer.h */,
				222E0F90200FA1E800CC511F /* PSWebSocketServer.m */,
				222E0F98200FA1E800CC511F /* PSWebSocketTypes.h */,
				222E0F9C200FA1E900CC511F /* PSWebSocketUTF8Decoder.h */,
				222E0F8F200FA1E800CC511F /* PSWebSocketUTF8Decoder.m */,
			);
			path = PocketSocket;
			sourceTree = "<group>";
		};
		222E0FB6200FA3B900CC511F /* PocketSocket-iOS */ = {
			isa = PBXGroup;
			children = (
				222E0FB8200FA3B900CC511F /* Info.plist */,
			);
			path = "PocketSocket-iOS";
			sourceTree = "<group>";
		};
		222E0FBD200FA49D00CC511F /* PocketSocket-Mac */ = {
			isa = PBXGroup;
			children = (
				222E0F85200FA09C00CC511F /* Info.plist */,
			);
			path = "PocketSocket-Mac";
			sourceTree = "<group>";
		};
		222E0FC4200FA59D00CC511F /* PSAutobahnClientTests */ = {
			isa = PBXGroup;
			children = (
				222E0FCF200FA5E300CC511F /* PSAutobahnClientWebSocketOperation.h */,
				222E0FD0200FA5E300CC511F /* PSAutobahnClientWebSocketOperation.m */,
				222E0FC5200FA59D00CC511F /* PSAutobahnClientTests.m */,
				222E0FC7200FA59D00CC511F /* Info.plist */,
			);
			path = PSAutobahnClientTests;
			sourceTree = "<group>";
		};
/* End PBXGroup section */

/* Begin PBXHeadersBuildPhase section */
		222E0F7E200FA09C00CC511F /* Headers */ = {
			isa = PBXHeadersBuildPhase;
			buildActionMask = 2147483647;
			files = (
				222E0FA8200FA1E900CC511F /* PSWebSocketInternal.h in Headers */,
				222E0F86200FA09C00CC511F /* PocketSocket.h in Headers */,
				222E0FAE200FA1E900CC511F /* PSWebSocketUTF8Decoder.h in Headers */,
				222E0FAC200FA1E900CC511F /* PSWebSocketInflater.h in Headers */,
				222E0FA6200FA1E900CC511F /* PSWebSocketNetworkThread.h in Headers */,
				222E0FAD200FA1E900CC511F /* PSWebSocketServer.h in Headers */,
				222E0F9E200FA1E900CC511F /* PSWebSocketBuffer.h in Headers */,
				222E0FA9200FA1E900CC511F /* PSWebSocket.h in Headers */,
				222E0FA0200FA1E900CC511F /* PSWebSocketDeflater.h in Headers */,
				222E0FA5200FA1E900CC511F /* PSWebSocketDriver.h in Headers */,
				222E0FAA200FA1E900CC511F /* PSWebSocketTypes.h in Headers */,
			);
			runOnlyForDeploymentPostprocessing = 0;
		};
		222E0FB2200FA3B800CC511F /* Headers */ = {
			isa = PBXHeadersBuildPhase;
			buildActionMask = 2147483647;
			files = (
				222E0FD3200FA74A00CC511F /* PocketSocket.h in Headers */,
				222E0FD4200FA76700CC511F /* PSWebSocket.h in Headers */,
				222E0FD5200FA76700CC511F /* PSWebSocketBuffer.h in Headers */,
				222E0FD6200FA76700CC511F /* PSWebSocketDeflater.h in Headers */,
				222E0FD7200FA76700CC511F /* PSWebSocketDriver.h in Headers */,
				222E0FD8200FA76700CC511F /* PSWebSocketInflater.h in Headers */,
				222E0FD9200FA76700CC511F /* PSWebSocketInternal.h in Headers */,
				222E0FDA200FA76700CC511F /* PSWebSocketNetworkThread.h in Headers */,
				222E0FDB200FA76700CC511F /* PSWebSocketServer.h in Headers */,
				222E0FDC200FA76700CC511F /* PSWebSocketTypes.h in Headers */,
				222E0FDD200FA76700CC511F /* PSWebSocketUTF8Decoder.h in Headers */,
			);
			runOnlyForDeploymentPostprocessing = 0;
		};
/* End PBXHeadersBuildPhase section */

/* Begin PBXNativeTarget section */
		222E0F80200FA09C00CC511F /* PocketSocket-Mac */ = {
			isa = PBXNativeTarget;
			buildConfigurationList = 222E0F89200FA09C00CC511F /* Build configuration list for PBXNativeTarget "PocketSocket-Mac" */;
			buildPhases = (
				222E0F7C200FA09C00CC511F /* Sources */,
				222E0F7D200FA09C00CC511F /* Frameworks */,
				222E0F7E200FA09C00CC511F /* Headers */,
				222E0F7F200FA09C00CC511F /* Resources */,
			);
			buildRules = (
			);
			dependencies = (
			);
			name = "PocketSocket-Mac";
			productName = PocketSocket;
			productReference = 222E0F81200FA09C00CC511F /* PocketSocket_Mac.framework */;
			productType = "com.apple.product-type.framework";
		};
		222E0FB4200FA3B800CC511F /* PocketSocket-iOS */ = {
			isa = PBXNativeTarget;
			buildConfigurationList = 222E0FBA200FA3B900CC511F /* Build configuration list for PBXNativeTarget "PocketSocket-iOS" */;
			buildPhases = (
				222E0FB0200FA3B800CC511F /* Sources */,
				222E0FB1200FA3B800CC511F /* Frameworks */,
				222E0FB2200FA3B800CC511F /* Headers */,
				222E0FB3200FA3B800CC511F /* Resources */,
			);
			buildRules = (
			);
			dependencies = (
			);
			name = "PocketSocket-iOS";
			productName = "PocketSocket-i";
			productReference = 222E0FB5200FA3B800CC511F /* PocketSocket_iOS.framework */;
			productType = "com.apple.product-type.framework";
		};
		222E0FC2200FA59D00CC511F /* PSAutobahnClientTests */ = {
			isa = PBXNativeTarget;
			buildConfigurationList = 222E0FCB200FA59D00CC511F /* Build configuration list for PBXNativeTarget "PSAutobahnClientTests" */;
			buildPhases = (
				222E0FBF200FA59D00CC511F /* Sources */,
				222E0FC0200FA59D00CC511F /* Frameworks */,
				222E0FC1200FA59D00CC511F /* Resources */,
			);
			buildRules = (
			);
			dependencies = (
				222E0FCA200FA59D00CC511F /* PBXTargetDependency */,
			);
			name = PSAutobahnClientTests;
			productName = PSAutobahnClientTests;
			productReference = 222E0FC3200FA59D00CC511F /* PSAutobahnClientTests.xctest */;
			productType = "com.apple.product-type.bundle.unit-test";
		};
/* End PBXNativeTarget section */

/* Begin PBXProject section */
		222E0F78200FA09C00CC511F /* Project object */ = {
			isa = PBXProject;
			attributes = {
				LastUpgradeCheck = 0920;
				ORGANIZATIONNAME = "WillowTree, Inc";
				TargetAttributes = {
					222E0F80200FA09C00CC511F = {
						CreatedOnToolsVersion = 9.2;
						ProvisioningStyle = Automatic;
					};
					222E0FB4200FA3B800CC511F = {
						CreatedOnToolsVersion = 9.2;
						ProvisioningStyle = Automatic;
					};
					222E0FC2200FA59D00CC511F = {
						CreatedOnToolsVersion = 9.2;
						ProvisioningStyle = Automatic;
					};
				};
			};
			buildConfigurationList = 222E0F7B200FA09C00CC511F /* Build configuration list for PBXProject "PocketSocket" */;
			compatibilityVersion = "Xcode 8.0";
			developmentRegion = en;
			hasScannedForEncodings = 0;
			knownRegions = (
				en,
			);
			mainGroup = 222E0F77200FA09C00CC511F;
			productRefGroup = 222E0F82200FA09C00CC511F /* Products */;
			projectDirPath = "";
			projectRoot = "";
			targets = (
				222E0F80200FA09C00CC511F /* PocketSocket-Mac */,
				222E0FB4200FA3B800CC511F /* PocketSocket-iOS */,
				222E0FC2200FA59D00CC511F /* PSAutobahnClientTests */,
			);
		};
/* End PBXProject section */

/* Begin PBXResourcesBuildPhase section */
		222E0F7F200FA09C00CC511F /* Resources */ = {
			isa = PBXResourcesBuildPhase;
			buildActionMask = 2147483647;
			files = (
			);
			runOnlyForDeploymentPostprocessing = 0;
		};
		222E0FB3200FA3B800CC511F /* Resources */ = {
			isa = PBXResourcesBuildPhase;
			buildActionMask = 2147483647;
			files = (
			);
			runOnlyForDeploymentPostprocessing = 0;
		};
		222E0FC1200FA59D00CC511F /* Resources */ = {
			isa = PBXResourcesBuildPhase;
			buildActionMask = 2147483647;
			files = (
			);
			runOnlyForDeploymentPostprocessing = 0;
		};
/* End PBXResourcesBuildPhase section */

/* Begin PBXSourcesBuildPhase section */
		222E0F7C200FA09C00CC511F /* Sources */ = {
			isa = PBXSourcesBuildPhase;
			buildActionMask = 2147483647;
			files = (
				222E0FA2200FA1E900CC511F /* PSWebSocketServer.m in Sources */,
				222E0FA4200FA1E900CC511F /* PSWebSocketNetworkThread.m in Sources */,
				222E0FA1200FA1E900CC511F /* PSWebSocketUTF8Decoder.m in Sources */,
				222E0FA3200FA1E900CC511F /* PSWebSocketBuffer.m in Sources */,
				222E0FAB200FA1E900CC511F /* PSWebSocketDriver.m in Sources */,
				222E0F9F200FA1E900CC511F /* PSWebSocket.m in Sources */,
				222E0FA7200FA1E900CC511F /* PSWebSocketDeflater.m in Sources */,
				222E0FAF200FA1E900CC511F /* PSWebSocketInflater.m in Sources */,
			);
			runOnlyForDeploymentPostprocessing = 0;
		};
		222E0FB0200FA3B800CC511F /* Sources */ = {
			isa = PBXSourcesBuildPhase;
			buildActionMask = 2147483647;
			files = (
				222E0FDE200FA78B00CC511F /* PSWebSocket.m in Sources */,
				222E0FDF200FA78B00CC511F /* PSWebSocketBuffer.m in Sources */,
				222E0FE0200FA78B00CC511F /* PSWebSocketDeflater.m in Sources */,
				222E0FE1200FA78B00CC511F /* PSWebSocketDriver.m in Sources */,
				222E0FE2200FA78B00CC511F /* PSWebSocketInflater.m in Sources */,
				222E0FE3200FA78B00CC511F /* PSWebSocketNetworkThread.m in Sources */,
				222E0FE4200FA78B00CC511F /* PSWebSocketServer.m in Sources */,
				222E0FE5200FA78B00CC511F /* PSWebSocketUTF8Decoder.m in Sources */,
			);
			runOnlyForDeploymentPostprocessing = 0;
		};
		222E0FBF200FA59D00CC511F /* Sources */ = {
			isa = PBXSourcesBuildPhase;
			buildActionMask = 2147483647;
			files = (
				222E0FC6200FA59D00CC511F /* PSAutobahnClientTests.m in Sources */,
				222E0FD2200FA5E300CC511F /* PSAutobahnClientWebSocketOperation.m in Sources */,
			);
			runOnlyForDeploymentPostprocessing = 0;
		};
/* End PBXSourcesBuildPhase section */

/* Begin PBXTargetDependency section */
		222E0FCA200FA59D00CC511F /* PBXTargetDependency */ = {
			isa = PBXTargetDependency;
			target = 222E0FB4200FA3B800CC511F /* PocketSocket-iOS */;
			targetProxy = 222E0FC9200FA59D00CC511F /* PBXContainerItemProxy */;
		};
/* End PBXTargetDependency section */

/* Begin XCBuildConfiguration section */
		222E0F87200FA09C00CC511F /* Debug */ = {
			isa = XCBuildConfiguration;
			buildSettings = {
				ALWAYS_SEARCH_USER_PATHS = NO;
				CLANG_ANALYZER_NONNULL = YES;
				CLANG_ANALYZER_NUMBER_OBJECT_CONVERSION = YES_AGGRESSIVE;
				CLANG_CXX_LANGUAGE_STANDARD = "gnu++14";
				CLANG_CXX_LIBRARY = "libc++";
				CLANG_ENABLE_MODULES = YES;
				CLANG_ENABLE_OBJC_ARC = YES;
				CLANG_WARN_BLOCK_CAPTURE_AUTORELEASING = YES;
				CLANG_WARN_BOOL_CONVERSION = YES;
				CLANG_WARN_COMMA = YES;
				CLANG_WARN_CONSTANT_CONVERSION = YES;
				CLANG_WARN_DIRECT_OBJC_ISA_USAGE = YES_ERROR;
				CLANG_WARN_DOCUMENTATION_COMMENTS = YES;
				CLANG_WARN_EMPTY_BODY = YES;
				CLANG_WARN_ENUM_CONVERSION = YES;
				CLANG_WARN_INFINITE_RECURSION = YES;
				CLANG_WARN_INT_CONVERSION = YES;
				CLANG_WARN_NON_LITERAL_NULL_CONVERSION = YES;
				CLANG_WARN_OBJC_LITERAL_CONVERSION = YES;
				CLANG_WARN_OBJC_ROOT_CLASS = YES_ERROR;
				CLANG_WARN_RANGE_LOOP_ANALYSIS = YES;
				CLANG_WARN_STRICT_PROTOTYPES = YES;
				CLANG_WARN_SUSPICIOUS_MOVE = YES;
				CLANG_WARN_UNGUARDED_AVAILABILITY = YES_AGGRESSIVE;
				CLANG_WARN_UNREACHABLE_CODE = YES;
				CLANG_WARN__DUPLICATE_METHOD_MATCH = YES;
				CODE_SIGN_IDENTITY = "Mac Developer";
				COPY_PHASE_STRIP = NO;
				CURRENT_PROJECT_VERSION = 1;
				DEBUG_INFORMATION_FORMAT = dwarf;
				ENABLE_STRICT_OBJC_MSGSEND = YES;
				ENABLE_TESTABILITY = YES;
				GCC_C_LANGUAGE_STANDARD = gnu11;
				GCC_DYNAMIC_NO_PIC = NO;
				GCC_NO_COMMON_BLOCKS = YES;
				GCC_OPTIMIZATION_LEVEL = 0;
				GCC_PREPROCESSOR_DEFINITIONS = (
					"DEBUG=1",
					"$(inherited)",
				);
				GCC_WARN_64_TO_32_BIT_CONVERSION = YES;
				GCC_WARN_ABOUT_RETURN_TYPE = YES_ERROR;
				GCC_WARN_UNDECLARED_SELECTOR = YES;
				GCC_WARN_UNINITIALIZED_AUTOS = YES_AGGRESSIVE;
				GCC_WARN_UNUSED_FUNCTION = YES;
				GCC_WARN_UNUSED_VARIABLE = YES;
				MACOSX_DEPLOYMENT_TARGET = 10.13;
				MTL_ENABLE_DEBUG_INFO = YES;
				ONLY_ACTIVE_ARCH = YES;
				SDKROOT = macosx;
				VERSIONING_SYSTEM = "apple-generic";
				VERSION_INFO_PREFIX = "";
			};
			name = Debug;
		};
		222E0F88200FA09C00CC511F /* Release */ = {
			isa = XCBuildConfiguration;
			buildSettings = {
				ALWAYS_SEARCH_USER_PATHS = NO;
				CLANG_ANALYZER_NONNULL = YES;
				CLANG_ANALYZER_NUMBER_OBJECT_CONVERSION = YES_AGGRESSIVE;
				CLANG_CXX_LANGUAGE_STANDARD = "gnu++14";
				CLANG_CXX_LIBRARY = "libc++";
				CLANG_ENABLE_MODULES = YES;
				CLANG_ENABLE_OBJC_ARC = YES;
				CLANG_WARN_BLOCK_CAPTURE_AUTORELEASING = YES;
				CLANG_WARN_BOOL_CONVERSION = YES;
				CLANG_WARN_COMMA = YES;
				CLANG_WARN_CONSTANT_CONVERSION = YES;
				CLANG_WARN_DIRECT_OBJC_ISA_USAGE = YES_ERROR;
				CLANG_WARN_DOCUMENTATION_COMMENTS = YES;
				CLANG_WARN_EMPTY_BODY = YES;
				CLANG_WARN_ENUM_CONVERSION = YES;
				CLANG_WARN_INFINITE_RECURSION = YES;
				CLANG_WARN_INT_CONVERSION = YES;
				CLANG_WARN_NON_LITERAL_NULL_CONVERSION = YES;
				CLANG_WARN_OBJC_LITERAL_CONVERSION = YES;
				CLANG_WARN_OBJC_ROOT_CLASS = YES_ERROR;
				CLANG_WARN_RANGE_LOOP_ANALYSIS = YES;
				CLANG_WARN_STRICT_PROTOTYPES = YES;
				CLANG_WARN_SUSPICIOUS_MOVE = YES;
				CLANG_WARN_UNGUARDED_AVAILABILITY = YES_AGGRESSIVE;
				CLANG_WARN_UNREACHABLE_CODE = YES;
				CLANG_WARN__DUPLICATE_METHOD_MATCH = YES;
				CODE_SIGN_IDENTITY = "Mac Developer";
				COPY_PHASE_STRIP = NO;
				CURRENT_PROJECT_VERSION = 1;
				DEBUG_INFORMATION_FORMAT = "dwarf-with-dsym";
				ENABLE_NS_ASSERTIONS = NO;
				ENABLE_STRICT_OBJC_MSGSEND = YES;
				GCC_C_LANGUAGE_STANDARD = gnu11;
				GCC_NO_COMMON_BLOCKS = YES;
				GCC_WARN_64_TO_32_BIT_CONVERSION = YES;
				GCC_WARN_ABOUT_RETURN_TYPE = YES_ERROR;
				GCC_WARN_UNDECLARED_SELECTOR = YES;
				GCC_WARN_UNINITIALIZED_AUTOS = YES_AGGRESSIVE;
				GCC_WARN_UNUSED_FUNCTION = YES;
				GCC_WARN_UNUSED_VARIABLE = YES;
				MACOSX_DEPLOYMENT_TARGET = 10.13;
				MTL_ENABLE_DEBUG_INFO = NO;
				SDKROOT = macosx;
				VERSIONING_SYSTEM = "apple-generic";
				VERSION_INFO_PREFIX = "";
			};
			name = Release;
		};
		222E0F8A200FA09C00CC511F /* Debug */ = {
			isa = XCBuildConfiguration;
			buildSettings = {
				CODE_SIGN_IDENTITY = "";
				CODE_SIGN_STYLE = Automatic;
				COMBINE_HIDPI_IMAGES = YES;
				DEFINES_MODULE = YES;
				DEVELOPMENT_TEAM = 7UMFPW78PV;
				DYLIB_COMPATIBILITY_VERSION = 1;
				DYLIB_CURRENT_VERSION = 1;
				DYLIB_INSTALL_NAME_BASE = "@rpath";
				FRAMEWORK_VERSION = A;
				INFOPLIST_FILE = "PocketSocket-Mac/Info.plist";
				INSTALL_PATH = "$(LOCAL_LIBRARY_DIR)/Frameworks";
				LD_RUNPATH_SEARCH_PATHS = "$(inherited) @executable_path/../Frameworks @loader_path/Frameworks";
				MODULEMAP_FILE = PocketSocket.modulemap;
				PRODUCT_BUNDLE_IDENTIFIER = com.willowtreeapps.PocketSocket;
				PRODUCT_NAME = "$(TARGET_NAME:c99extidentifier)";
				SKIP_INSTALL = YES;
			};
			name = Debug;
		};
		222E0F8B200FA09C00CC511F /* Release */ = {
			isa = XCBuildConfiguration;
			buildSettings = {
				CODE_SIGN_IDENTITY = "";
				CODE_SIGN_STYLE = Automatic;
				COMBINE_HIDPI_IMAGES = YES;
				DEFINES_MODULE = YES;
				DEVELOPMENT_TEAM = 7UMFPW78PV;
				DYLIB_COMPATIBILITY_VERSION = 1;
				DYLIB_CURRENT_VERSION = 1;
				DYLIB_INSTALL_NAME_BASE = "@rpath";
				FRAMEWORK_VERSION = A;
				INFOPLIST_FILE = "PocketSocket-Mac/Info.plist";
				INSTALL_PATH = "$(LOCAL_LIBRARY_DIR)/Frameworks";
				LD_RUNPATH_SEARCH_PATHS = "$(inherited) @executable_path/../Frameworks @loader_path/Frameworks";
				MODULEMAP_FILE = PocketSocket.modulemap;
				PRODUCT_BUNDLE_IDENTIFIER = com.willowtreeapps.PocketSocket;
				PRODUCT_NAME = "$(TARGET_NAME:c99extidentifier)";
				SKIP_INSTALL = YES;
			};
			name = Release;
		};
		222E0FBB200FA3B900CC511F /* Debug */ = {
			isa = XCBuildConfiguration;
			buildSettings = {
				CODE_SIGN_IDENTITY = "iPhone Developer";
				CODE_SIGN_STYLE = Automatic;
				DEFINES_MODULE = YES;
				DEVELOPMENT_TEAM = 7UMFPW78PV;
				DYLIB_COMPATIBILITY_VERSION = 1;
				DYLIB_CURRENT_VERSION = 1;
				DYLIB_INSTALL_NAME_BASE = "@rpath";
				INFOPLIST_FILE = "PocketSocket-iOS/Info.plist";
				INSTALL_PATH = "$(LOCAL_LIBRARY_DIR)/Frameworks";
				IPHONEOS_DEPLOYMENT_TARGET = 11.2;
				LD_RUNPATH_SEARCH_PATHS = "$(inherited) @executable_path/Frameworks @loader_path/Frameworks";
				MODULEMAP_FILE = PocketSocket.modulemap;
				PRODUCT_BUNDLE_IDENTIFIER = com.willowtreeapps.PocketSocket;
				PRODUCT_NAME = "$(TARGET_NAME:c99extidentifier)";
				SDKROOT = iphoneos;
				SKIP_INSTALL = YES;
				TARGETED_DEVICE_FAMILY = "1,2";
			};
			name = Debug;
		};
		222E0FBC200FA3B900CC511F /* Release */ = {
			isa = XCBuildConfiguration;
			buildSettings = {
				CODE_SIGN_IDENTITY = "iPhone Developer";
				CODE_SIGN_STYLE = Automatic;
				DEFINES_MODULE = YES;
				DEVELOPMENT_TEAM = 7UMFPW78PV;
				DYLIB_COMPATIBILITY_VERSION = 1;
				DYLIB_CURRENT_VERSION = 1;
				DYLIB_INSTALL_NAME_BASE = "@rpath";
				INFOPLIST_FILE = "PocketSocket-iOS/Info.plist";
				INSTALL_PATH = "$(LOCAL_LIBRARY_DIR)/Frameworks";
				IPHONEOS_DEPLOYMENT_TARGET = 11.2;
				LD_RUNPATH_SEARCH_PATHS = "$(inherited) @executable_path/Frameworks @loader_path/Frameworks";
				MODULEMAP_FILE = PocketSocket.modulemap;
				PRODUCT_BUNDLE_IDENTIFIER = com.willowtreeapps.PocketSocket;
				PRODUCT_NAME = "$(TARGET_NAME:c99extidentifier)";
				SDKROOT = iphoneos;
				SKIP_INSTALL = YES;
				TARGETED_DEVICE_FAMILY = "1,2";
				VALIDATE_PRODUCT = YES;
			};
			name = Release;
		};
		222E0FCC200FA59D00CC511F /* Debug */ = {
			isa = XCBuildConfiguration;
			buildSettings = {
				CODE_SIGN_IDENTITY = "iPhone Developer";
				CODE_SIGN_STYLE = Automatic;
				DEVELOPMENT_TEAM = 7UMFPW78PV;
				INFOPLIST_FILE = PSAutobahnClientTests/Info.plist;
				IPHONEOS_DEPLOYMENT_TARGET = 11.2;
				LD_RUNPATH_SEARCH_PATHS = "$(inherited) @executable_path/Frameworks @loader_path/Frameworks";
				PRODUCT_BUNDLE_IDENTIFIER = com.willowtreeapps.PSAutobahnClientTests;
				PRODUCT_NAME = "$(TARGET_NAME)";
				SDKROOT = iphoneos;
				TARGETED_DEVICE_FAMILY = "1,2";
			};
			name = Debug;
		};
		222E0FCD200FA59D00CC511F /* Release */ = {
			isa = XCBuildConfiguration;
			buildSettings = {
				CODE_SIGN_IDENTITY = "iPhone Developer";
				CODE_SIGN_STYLE = Automatic;
				DEVELOPMENT_TEAM = 7UMFPW78PV;
				INFOPLIST_FILE = PSAutobahnClientTests/Info.plist;
				IPHONEOS_DEPLOYMENT_TARGET = 11.2;
				LD_RUNPATH_SEARCH_PATHS = "$(inherited) @executable_path/Frameworks @loader_path/Frameworks";
				PRODUCT_BUNDLE_IDENTIFIER = com.willowtreeapps.PSAutobahnClientTests;
				PRODUCT_NAME = "$(TARGET_NAME)";
				SDKROOT = iphoneos;
				TARGETED_DEVICE_FAMILY = "1,2";
				VALIDATE_PRODUCT = YES;
			};
			name = Release;
		};
/* End XCBuildConfiguration section */

/* Begin XCConfigurationList section */
		222E0F7B200FA09C00CC511F /* Build configuration list for PBXProject "PocketSocket" */ = {
			isa = XCConfigurationList;
			buildConfigurations = (
				222E0F87200FA09C00CC511F /* Debug */,
				222E0F88200FA09C00CC511F /* Release */,
			);
			defaultConfigurationIsVisible = 0;
			defaultConfigurationName = Release;
		};
		222E0F89200FA09C00CC511F /* Build configuration list for PBXNativeTarget "PocketSocket-Mac" */ = {
			isa = XCConfigurationList;
			buildConfigurations = (
				222E0F8A200FA09C00CC511F /* Debug */,
				222E0F8B200FA09C00CC511F /* Release */,
			);
			defaultConfigurationIsVisible = 0;
			defaultConfigurationName = Release;
		};
		222E0FBA200FA3B900CC511F /* Build configuration list for PBXNativeTarget "PocketSocket-iOS" */ = {
			isa = XCConfigurationList;
			buildConfigurations = (
				222E0FBB200FA3B900CC511F /* Debug */,
				222E0FBC200FA3B900CC511F /* Release */,
			);
			defaultConfigurationIsVisible = 0;
			defaultConfigurationName = Release;
		};
		222E0FCB200FA59D00CC511F /* Build configuration list for PBXNativeTarget "PSAutobahnClientTests" */ = {
			isa = XCConfigurationList;
			buildConfigurations = (
				222E0FCC200FA59D00CC511F /* Debug */,
				222E0FCD200FA59D00CC511F /* Release */,
			);
			defaultConfigurationIsVisible = 0;
			defaultConfigurationName = Release;
		};
/* End XCConfigurationList section */
	};
	rootObject = 222E0F78200FA09C00CC511F /* Project object */;
}
